hash: f9bc1ee5fe4bbff90c78d6851f3d91b617a0166b92137c3913d879c3cdb65876
updated: 2018-07-02T13:50:41.754767835-07:00
imports:
- name: github.com/alexcesaro/statsd
  version: 7fea3f0d2fab1ad973e641e51dba45443a311a90
- name: github.com/Azure/azure-sdk-for-go
  version: 2592daf71ab6b95dcfc7f7437ecc1afb9ddb7360
  subpackages:
  - arm/authorization
  - arm/compute
  - arm/disk
  - arm/graphrbac
  - arm/network
  - arm/resources/resources
  - arm/resources/subscriptions
  - arm/storage
  - storage
- name: github.com/Azure/go-autorest
  version: f6be1abbb5abd0517522f850dd785990d373da7e
  subpackages:
  - autorest
  - autorest/adal
  - autorest/azure
  - autorest/date
  - autorest/to
  - autorest/validation
- name: github.com/blang/semver
  version: 2ee87856327ba09384cabd113bc6b5d174e9ec0f
- name: github.com/dgrijalva/jwt-go
  version: dbeaa9332f19a944acb5736b4456cfcc02140e29
- name: github.com/etgryphon/stringUp
  version: 31534ccd8cac1d3d205c906ea5722928b045ed8c
- name: github.com/ghodss/yaml
  version: 0ca9ea5df5451ffdf184b4428c902747c2c11cd7
- name: github.com/go-playground/locales
  version: e4cbcb5d0652150d40ad0646651076b6bd2be4f6
  subpackages:
  - currency
- name: github.com/go-playground/universal-translator
  version: b32fa301c9fe55953584134cb6853a13c87ec0a1
- name: github.com/gogo/protobuf
  version: c0656edd0d9eab7c66d1eb0c568f9039345796f7
  subpackages:
  - proto
  - sortkeys
- name: github.com/golang/glog
  version: 44145f04b68cf362d9c4df2182967c2275eaefed
- name: github.com/golang/protobuf
  version: 1643683e1b54a9e88ad26d98f81400c8c9d9f4f9
  subpackages:
  - proto
  - ptypes
  - ptypes/any
  - ptypes/duration
  - ptypes/timestamp
- name: github.com/google/gofuzz
  version: 44d81051d367757e1c7c6a5a86423ece9afcf63c
- name: github.com/googleapis/gnostic
  version: 0c5108395e2debce0d731cf0287ddf7242066aba
  subpackages:
  - OpenAPIv2
  - compiler
  - extensions
- name: github.com/howeyc/gopass
  version: bf9dde6d0d2c004a008c27aaee91170c786f6db8
- name: github.com/imdario/mergo
  version: 9316a62528ac99aaecb4e47eadd6dc8aa6533d58
- name: github.com/inconshreveable/mousetrap
  version: 76626ae9c91c4f2a10f34cad8ce83ea42c93bb75
- name: github.com/influxdata/influxdb
  version: d610a79487e2cee1d0fa8cdd3ec59d511c24f0dc
  subpackages:
  - client/v2
  - models
  - pkg/escape
- name: github.com/Jeffail/gabs
  version: 2a3aa15961d5fee6047b8151b67ac2f08ba2c48c
- name: github.com/JiangtianLi/gettext
  version: a8983c062be4b565d723c478922d7736e04fdba4
- name: github.com/json-iterator/go
  version: 13f86432b882000a51c6e610c620974462691a97
- name: github.com/kelseyhightower/envconfig
  version: 462fda1f11d8cad3660e52737b8beefd27acfb3f
- name: github.com/leonelquinteros/gotext
  version: 1fc8dec04d161fc0b4007e808a48620c537b6a6e
- name: github.com/mattn/go-colorable
  version: 167de6bfdfba052fa6b2d3664c8f5272e23c9072
- name: github.com/mattn/go-isatty
  version: 6ca4dbf54d38eea1a992b3c722a76a5d1c4cb25c
- name: github.com/mattn/kinako
  version: 332c0a7e205a29536e672337a4bea6c7a96b04c1
  subpackages:
  - ast
  - parser
  - vm
- name: github.com/mitchellh/go-homedir
  version: b8bc1bf767474819792c23f32d8286a45736f1c6
- name: github.com/onsi/ginkgo
  version: 11459a886d9cd66b319dac7ef1e917ee221372c9
  subpackages:
  - config
  - internal/codelocation
  - internal/containernode
  - internal/failer
  - internal/leafnodes
  - internal/remote
  - internal/spec
  - internal/spec_iterator
  - internal/specrunner
  - internal/suite
  - internal/testingtproxy
  - internal/writer
  - reporters
  - reporters/stenographer
  - reporters/stenographer/support/go-colorable
  - reporters/stenographer/support/go-isatty
  - types
- name: github.com/onsi/gomega
  version: dcabb60a477c2b6f456df65037cb6708210fbb02
  subpackages:
  - format
  - internal/assertion
  - internal/asyncassertion
  - internal/oraclematcher
  - internal/testingtsupport
  - matchers
  - matchers/support/goraph/bipartitegraph
  - matchers/support/goraph/edge
  - matchers/support/goraph/node
  - matchers/support/goraph/util
  - types
- name: github.com/pkg/errors
  version: 645ef00459ed84a119197bfb8d8205042c6df63d
- name: github.com/rjtsdl/conform
  version: 7b97338c67692998bc62b2572e96c8ff09803dc3
- name: github.com/satori/go.uuid
  version: 5bf94b69c6b68ee1b541973bb8e1144db23a194b
- name: github.com/satori/uuid
  version: 5bf94b69c6b68ee1b541973bb8e1144db23a194b
- name: github.com/sirupsen/logrus
  version: f006c2ac4710855cf0f916dd6b77acf6b048dc6e
- name: github.com/spf13/cobra
  version: 4cdb38c072b86bf795d2c81de50784d9fdd6eb77
- name: github.com/spf13/pflag
  version: e57e3eeb33f795204c1ca35f56c44f83227c6e66
- name: golang.org/x/crypto
  version: 81e90905daefcd6fd217b62423c0908922eadb30
  subpackages:
  - bcrypt
  - blowfish
  - curve25519
  - ed25519
  - ed25519/internal/edwards25519
  - ssh
  - ssh/agent
  - ssh/terminal
- name: golang.org/x/net
  version: ab555f366c4508dbe0802550b1b20c46c5c18aa0
  repo: https://github.com/golang/net.git
  vcs: git
  subpackages:
  - .
  - context
  - html
  - html/atom
  - html/charset
  - http2
  - http2/hpack
  - idna
  - lex/httplex
- name: golang.org/x/sync
  version: 1d60e4601c6fd243af51cc01ddf169918a5407ca
  subpackages:
  - errgroup
- name: golang.org/x/sys
  version: 95c6576299259db960f6c5b9b69ea52422860fce
  subpackages:
  - unix
  - windows
- name: golang.org/x/text
  version: e19ae1496984b1c655b8044a65c0300a3c878dd3
  repo: https://github.com/golang/text.git
  vcs: git
  subpackages:
  - .
  - encoding
  - encoding/charmap
  - encoding/htmlindex
  - encoding/internal
  - encoding/internal/identifier
  - encoding/japanese
  - encoding/korean
  - encoding/simplifiedchinese
  - encoding/traditionalchinese
  - encoding/unicode
  - internal/tag
  - internal/utf8internal
  - language
  - runes
  - secure/bidirule
  - transform
  - unicode/bidi
  - unicode/norm
- name: golang.org/x/time
  version: f51c12702a4d776e4c1fa9b0fabab841babae631
  subpackages:
  - rate
- name: gopkg.in/go-playground/validator.v9
  version: fb68f39656d7ebf8aa339ad4917aa0c260ecc237
  subpackages:
  - locales
- name: gopkg.in/inf.v0
  version: 3887ee99ecf07df5b447e9b00d9c0b2adaa9f3e4
- name: gopkg.in/yaml.v2
  version: d670f9405373e636a5a2765eea47fac0c9bc91a4
- name: k8s.io/api
  version: 73d903622b7391f3312dcbac6483fed484e185f8
  subpackages:
  - admissionregistration/v1alpha1
  - admissionregistration/v1beta1
  - apps/v1
  - apps/v1beta1
  - apps/v1beta2
  - authentication/v1
  - authentication/v1beta1
  - authorization/v1
  - authorization/v1beta1
  - autoscaling/v1
  - autoscaling/v2beta1
  - batch/v1
  - batch/v1beta1
  - batch/v2alpha1
  - certificates/v1beta1
  - core/v1
  - events/v1beta1
  - extensions/v1beta1
  - networking/v1
  - policy/v1beta1
  - rbac/v1
  - rbac/v1alpha1
  - rbac/v1beta1
  - scheduling/v1alpha1
  - settings/v1alpha1
  - storage/v1
  - storage/v1alpha1
  - storage/v1beta1
- name: k8s.io/apimachinery
  version: 302974c03f7e50f16561ba237db776ab93594ef6
  subpackages:
  - pkg/api/equality
  - pkg/api/errors
  - pkg/api/meta
  - pkg/api/resource
  - pkg/api/resource
  - pkg/apis/meta/v1
  - pkg/apis/meta/v1/unstructured
  - pkg/apis/meta/v1beta1
  - pkg/conversion
  - pkg/conversion/queryparams
  - pkg/fields
  - pkg/labels
  - pkg/runtime
  - pkg/runtime
  - pkg/runtime/schema
  - pkg/runtime/schema
  - pkg/runtime/serializer
  - pkg/runtime/serializer/json
  - pkg/runtime/serializer/protobuf
  - pkg/runtime/serializer/recognizer
  - pkg/runtime/serializer/streaming
  - pkg/runtime/serializer/versioning
  - pkg/selection
  - pkg/types
  - pkg/types
  - pkg/util/clock
  - pkg/util/errors
  - pkg/util/framer
  - pkg/util/intstr
  - pkg/util/intstr
  - pkg/util/json
  - pkg/util/net
  - pkg/util/runtime
  - pkg/util/sets
  - pkg/util/validation
  - pkg/util/validation/field
  - pkg/util/wait
  - pkg/util/yaml
  - pkg/version
  - pkg/watch
  - third_party/forked/golang/reflect
- name: k8s.io/apiserver
  version: 0841753fc26e934b715ca7a83dced5bcb721245a
- name: k8s.io/client-go
  version: 23781f4d6632d88e869066eaebb743857aa1ef9b
  subpackages:
  - discovery
  - kubernetes
  - kubernetes/scheme
  - kubernetes/typed/admissionregistration/v1alpha1
  - kubernetes/typed/admissionregistration/v1beta1
  - kubernetes/typed/apps/v1
  - kubernetes/typed/apps/v1beta1
  - kubernetes/typed/apps/v1beta2
  - kubernetes/typed/authentication/v1
  - kubernetes/typed/authentication/v1beta1
  - kubernetes/typed/authorization/v1
  - kubernetes/typed/authorization/v1beta1
  - kubernetes/typed/autoscaling/v1
  - kubernetes/typed/autoscaling/v2beta1
  - kubernetes/typed/batch/v1
  - kubernetes/typed/batch/v1beta1
  - kubernetes/typed/batch/v2alpha1
  - kubernetes/typed/certificates/v1beta1
  - kubernetes/typed/core/v1
  - kubernetes/typed/events/v1beta1
  - kubernetes/typed/extensions/v1beta1
  - kubernetes/typed/networking/v1
  - kubernetes/typed/policy/v1beta1
  - kubernetes/typed/rbac/v1
  - kubernetes/typed/rbac/v1alpha1
  - kubernetes/typed/rbac/v1beta1
  - kubernetes/typed/scheduling/v1alpha1
  - kubernetes/typed/settings/v1alpha1
  - kubernetes/typed/storage/v1
  - kubernetes/typed/storage/v1alpha1
  - kubernetes/typed/storage/v1beta1
  - pkg/apis/clientauthentication
  - pkg/apis/clientauthentication/v1alpha1
  - pkg/version
  - plugin/pkg/client/auth/exec
  - rest
  - rest/watch
  - tools/auth
  - tools/clientcmd
  - tools/clientcmd/api
  - tools/clientcmd/api/latest
  - tools/clientcmd/api/v1
  - tools/metrics
  - tools/reference
  - transport
  - util/cert
  - util/flowcontrol
  - util/homedir
  - util/integer
testImports:
- name: github.com/davecgh/go-spew
  version: 5215b55f46b2b919f50a1df0eaa5886afe4e3b3d
  subpackages:
  - spew
