# This file is autogenerated, do not edit; changes may be undone by the next 'dep ensure'.


[[projects]]
  digest = "1:906d785719b980b8a57104671bcf94ca226b49e128737a2ce1fd21611fb2a87e"
  name = "github.com/Azure/azure-sdk-for-go"
  packages = [
    "services/apimanagement/mgmt/2017-03-01/apimanagement",
    "services/authorization/mgmt/2015-07-01/authorization",
    "services/compute/mgmt/2018-04-01/compute",
    "services/graphrbac/1.6/graphrbac",
    "services/network/mgmt/2018-08-01/network",
    "services/preview/msi/mgmt/2015-08-31-preview/msi",
    "services/resources/mgmt/2016-06-01/subscriptions",
    "services/resources/mgmt/2018-05-01/resources",
    "services/storage/mgmt/2018-02-01/storage",
    "storage",
    "version",
  ]
  pruneopts = "NUT"
  revision = "d3bcaa706ac10b18784811ff31e43be635159013"
  version = "v21.0.0"

[[projects]]
  digest = "1:ec10827fcacfaa45219ef2a22be6158b10c8de91b62094c7f40c3ab1fa76d67f"
  name = "github.com/Azure/go-autorest"
  packages = [
    "autorest",
    "autorest/adal",
    "autorest/azure",
    "autorest/date",
    "autorest/to",
    "autorest/validation",
    "logger",
    "version",
  ]
  pruneopts = "NUT"
  revision = "a88c19ef2016e095f0b6c3b451074b4663f53bed"
  version = "v10.15.4"

[[projects]]
  digest = "1:77a485286fddc15702c1a32635bbc6b17cf0daa59b015ed02d2f7f768a7b504a"
  name = "github.com/Jeffail/gabs"
  packages = ["."]
  pruneopts = "NUT"
  revision = "2a3aa15961d5fee6047b8151b67ac2f08ba2c48c"
  version = "1.0"

[[projects]]
  digest = "1:d6613cccd218e927314d7f6a7a6e8169473b07db7e07810341cacd3bdca920ba"
  name = "github.com/alexcesaro/statsd"
  packages = ["."]
  pruneopts = "NUT"
  revision = "7fea3f0d2fab1ad973e641e51dba45443a311a90"
  version = "v2.0.0"

[[projects]]
  digest = "1:aba270497eb2d49f5cba6f4162d524b9a1195a24cbce8be20bf56a0051f47deb"
  name = "github.com/blang/semver"
  packages = ["."]
  pruneopts = "NUT"
  revision = "2ee87856327ba09384cabd113bc6b5d174e9ec0f"
  version = "v3.5.1"

[[projects]]
  digest = "1:620bade21ddf8256869717861431d52650c7e40bc56bdcd3d5ec3da63e7573b0"
  name = "github.com/davecgh/go-spew"
  packages = ["spew"]
  pruneopts = "NUT"
  revision = "5215b55f46b2b919f50a1df0eaa5886afe4e3b3d"

[[projects]]
  digest = "1:01ced7908dbaae42990af9521328922b8948bdcb174c23bba6db572381515716"
  name = "github.com/dgrijalva/jwt-go"
  packages = ["."]
  pruneopts = "NUT"
  revision = "dbeaa9332f19a944acb5736b4456cfcc02140e29"
  version = "v3.1.0"

[[projects]]
  digest = "1:81466b4218bf6adddac2572a30ac733a9255919bc2f470b4827a317bd4ee1756"
  name = "github.com/ghodss/yaml"
  packages = ["."]
  pruneopts = "NUT"
  revision = "0ca9ea5df5451ffdf184b4428c902747c2c11cd7"
  version = "v1.0.0"

[[projects]]
  digest = "1:ffcbca380dbcb924037ff7650da308aca0458296489349b8ce849436e47f0c8a"
  name = "github.com/go-bindata/go-bindata"
  packages = [
    ".",
    "go-bindata",
  ]
  pruneopts = "NUT"
  revision = "d266f3a456685e7541abc9f010d46fff146c7858"

[[projects]]
  digest = "1:672bdbde3b59017aba3b328d0ec42dc30e0ab80ff48681947596785738c00ff1"
  name = "github.com/go-playground/locales"
  packages = [
    ".",
    "currency",
  ]
  pruneopts = "NUT"
  revision = "e4cbcb5d0652150d40ad0646651076b6bd2be4f6"
  version = "v0.11.2"

[[projects]]
  digest = "1:1683152827ebac377858b53a6ad0be90fb1711061c7e580c5dc719834a349162"
  name = "github.com/go-playground/universal-translator"
  packages = ["."]
  pruneopts = "NUT"
  revision = "b32fa301c9fe55953584134cb6853a13c87ec0a1"
  version = "v0.16.0"

[[projects]]
  digest = "1:a6afc27b2a73a5506832f3c5a1c19a30772cb69e7bd1ced4639eb36a55db224f"
  name = "github.com/gogo/protobuf"
  packages = [
    "proto",
    "sortkeys",
  ]
  pruneopts = "NUT"
  revision = "c0656edd0d9eab7c66d1eb0c568f9039345796f7"

[[projects]]
  digest = "1:78b8040ece2ff622580def2708b9eb0b2857711b6744c475439bf337e9c677ea"
  name = "github.com/golang/glog"
  packages = ["."]
  pruneopts = "NUT"
  revision = "44145f04b68cf362d9c4df2182967c2275eaefed"

[[projects]]
  digest = "1:0d390d7037c2aecc37e78c2cfbe43d020d6f1fa83fd22266b7ec621189447d57"
  name = "github.com/golang/protobuf"
  packages = [
    "proto",
    "ptypes",
    "ptypes/any",
    "ptypes/duration",
    "ptypes/timestamp",
  ]
  pruneopts = "NUT"
  revision = "1643683e1b54a9e88ad26d98f81400c8c9d9f4f9"

[[projects]]
  branch = "master"
  digest = "1:05f95ffdfcf651bdb0f05b40b69e7f5663047f8da75c72d58728acb59b5cc107"
  name = "github.com/google/btree"
  packages = ["."]
  pruneopts = "NUT"
  revision = "4030bb1f1f0c35b30ca7009e9ebd06849dd45306"

[[projects]]
  digest = "1:f9425215dccf1c63f659ec781ca46bc81804341821d0cd8d2459c5b58f8bd067"
  name = "github.com/google/gofuzz"
  packages = ["."]
  pruneopts = "NUT"
  revision = "44d81051d367757e1c7c6a5a86423ece9afcf63c"

[[projects]]
  digest = "1:27b4ab41ffdc76ad6db56db327a4db234a59588ef059fc3fd678ba0bc6b9094f"
  name = "github.com/googleapis/gnostic"
  packages = [
    "OpenAPIv2",
    "compiler",
    "extensions",
  ]
  pruneopts = "NUT"
  revision = "0c5108395e2debce0d731cf0287ddf7242066aba"

[[projects]]
  branch = "master"
  digest = "1:7fdf3223c7372d1ced0b98bf53457c5e89d89aecbad9a77ba9fcc6e01f9e5621"
  name = "github.com/gregjones/httpcache"
  packages = [
    ".",
    "diskcache",
  ]
  pruneopts = "NUT"
  revision = "c63ab54fda8f77302f8d414e19933f2b6026a089"

[[projects]]
  digest = "1:41933d387bfa3eaa6a82647914ed7044f7b8355764c24fb920892bc8c03ef0c3"
  name = "github.com/hpcloud/tail"
  packages = [
    ".",
    "ratelimiter",
    "util",
    "watch",
    "winfile",
  ]
  pruneopts = "NUT"
  revision = "a30252cb686a21eb2d0b98132633053ec2f7f1e5"
  version = "v1.0.0"

[[projects]]
  digest = "1:65300ccc4bcb38b107b868155c303312978981e56bca707c81efec57575b5e06"
  name = "github.com/imdario/mergo"
  packages = ["."]
  pruneopts = "NUT"
  revision = "9316a62528ac99aaecb4e47eadd6dc8aa6533d58"
  version = "v0.3.5"

[[projects]]
  digest = "1:406338ad39ab2e37b7f4452906442a3dbf0eb3379dd1f06aafb5c07e769a5fbb"
  name = "github.com/inconshreveable/mousetrap"
  packages = ["."]
  pruneopts = "NUT"
  revision = "76626ae9c91c4f2a10f34cad8ce83ea42c93bb75"
  version = "v1.0"

[[projects]]
  digest = "1:20966b3d6b77a8170aaa6221825a6b9de008074734c23dab886b27c4849b1422"
  name = "github.com/influxdata/influxdb"
  packages = [
    "client/v2",
    "models",
    "pkg/escape",
  ]
  pruneopts = "NUT"
  revision = "d610a79487e2cee1d0fa8cdd3ec59d511c24f0dc"

[[projects]]
  digest = "1:8e36686e8b139f8fe240c1d5cf3a145bc675c22ff8e707857cdd3ae17b00d728"
  name = "github.com/json-iterator/go"
  packages = ["."]
  pruneopts = "NUT"
  revision = "1624edc4454b8682399def8740d46db5e4362ba4"
  version = "v1.1.5"

[[projects]]
  digest = "1:9508ab0002c1b789f50ddd242430e4c713cf25d75c4616731ca97fe873f25569"
  name = "github.com/kelseyhightower/envconfig"
  packages = ["."]
  pruneopts = "NUT"
  revision = "462fda1f11d8cad3660e52737b8beefd27acfb3f"

[[projects]]
  digest = "1:36cc90298f456fc38e7738c9b18cf948d18f929c6e75a4c9fd47302b0ca93dd3"
  name = "github.com/leonelquinteros/gotext"
  packages = ["."]
  pruneopts = "NUT"
  revision = "1fc8dec04d161fc0b4007e808a48620c537b6a6e"
  version = "v1.2.3"

[[projects]]
  digest = "1:13ada91f079028d1b4ca88e10a16439dcfa6541d26ed2e61e770f56d06301933"
  name = "github.com/marstr/guid"
  packages = ["."]
  pruneopts = "NUT"
  revision = "8bd9a64bf37eb297b492a4101fb28e80ac0b290f"
  version = "v1.1.0"

[[projects]]
  digest = "1:08c231ec84231a7e23d67e4b58f975e1423695a32467a362ee55a803f9de8061"
  name = "github.com/mattn/go-colorable"
  packages = ["."]
  pruneopts = "NUT"
  revision = "167de6bfdfba052fa6b2d3664c8f5272e23c9072"
  version = "v0.0.9"

[[projects]]
  branch = "master"
  digest = "1:bffa444ca07c69c599ae5876bc18b25bfd5fa85b297ca10a25594d284a7e9c5d"
  name = "github.com/mattn/go-isatty"
  packages = ["."]
  pruneopts = "NUT"
  revision = "6ca4dbf54d38eea1a992b3c722a76a5d1c4cb25c"

[[projects]]
  branch = "master"
  digest = "1:d00e88d71d56d02265c0f9c3a4551db6981b3f00bcd9ae63c092e0e9829dfc82"
  name = "github.com/mattn/kinako"
  packages = [
    "ast",
    "parser",
    "vm",
  ]
  pruneopts = "NUT"
  revision = "332c0a7e205a29536e672337a4bea6c7a96b04c1"

[[projects]]
  digest = "1:b62c4f18ad6eb454ac5253e7791ded3d7867330015ca4b37b6336e57f514585e"
  name = "github.com/mitchellh/go-homedir"
  packages = ["."]
  pruneopts = "NUT"
  revision = "b8bc1bf767474819792c23f32d8286a45736f1c6"

[[projects]]
  digest = "1:2f42fa12d6911c7b7659738758631bec870b7e9b4c6be5444f963cdcfccc191f"
  name = "github.com/modern-go/concurrent"
  packages = ["."]
  pruneopts = "NUT"
  revision = "bacd9c7ef1dd9b15be4a9909b8ac7a4e313eec94"
  version = "1.0.3"

[[projects]]
  digest = "1:c6aca19413b13dc59c220ad7430329e2ec454cc310bc6d8de2c7e2b93c18a0f6"
  name = "github.com/modern-go/reflect2"
  packages = ["."]
  pruneopts = "NUT"
  revision = "4b7aa43c6742a2c18fdef89dd197aaae7dac7ccd"
  version = "1.0.1"

[[projects]]
  digest = "1:0be1cd4c73d5e22a30edcf32a18e9809a370a7a4a52c4f41a86070b34da93fef"
  name = "github.com/onsi/ginkgo"
  packages = [
    ".",
    "config",
    "internal/codelocation",
    "internal/containernode",
    "internal/failer",
    "internal/leafnodes",
    "internal/remote",
    "internal/spec",
    "internal/spec_iterator",
    "internal/specrunner",
    "internal/suite",
    "internal/testingtproxy",
    "internal/writer",
    "reporters",
    "reporters/stenographer",
    "reporters/stenographer/support/go-colorable",
    "reporters/stenographer/support/go-isatty",
    "types",
  ]
  pruneopts = "NUT"
  revision = "3774a09d95489ccaa16032e0770d08ea77ba6184"
  version = "v1.6.0"

[[projects]]
  digest = "1:fbe747f38101b666e0e931b9c54e389848790fa4a99508b3da73db58a822546d"
  name = "github.com/onsi/gomega"
  packages = [
    ".",
    "format",
    "internal/assertion",
    "internal/asyncassertion",
    "internal/oraclematcher",
    "internal/testingtsupport",
    "matchers",
    "matchers/support/goraph/bipartitegraph",
    "matchers/support/goraph/edge",
    "matchers/support/goraph/node",
    "matchers/support/goraph/util",
    "types",
  ]
  pruneopts = "NUT"
  revision = "dcabb60a477c2b6f456df65037cb6708210fbb02"

[[projects]]
  branch = "master"
  digest = "1:3bf17a6e6eaa6ad24152148a631d18662f7212e21637c2699bff3369b7f00fa2"
  name = "github.com/petar/GoLLRB"
  packages = ["llrb"]
  pruneopts = "NUT"
  revision = "53be0d36a84c2a886ca057d34b6aa4468df9ccb4"

[[projects]]
  digest = "1:6c6d91dc326ed6778783cff869c49fb2f61303cdd2ebbcf90abe53505793f3b6"
  name = "github.com/peterbourgon/diskv"
  packages = ["."]
  pruneopts = "NUT"
  revision = "5f041e8faa004a95c88a202771f4cc3e991971e6"
  version = "v2.0.1"

[[projects]]
  digest = "1:5cf3f025cbee5951a4ee961de067c8a89fc95a5adabead774f82822efabab121"
  name = "github.com/pkg/errors"
  packages = ["."]
  pruneopts = "NUT"
  revision = "645ef00459ed84a119197bfb8d8205042c6df63d"
  version = "v0.8.0"

[[projects]]
  digest = "1:6bc0652ea6e39e22ccd522458b8bdd8665bf23bdc5a20eec90056e4dc7e273ca"
  name = "github.com/satori/go.uuid"
  packages = ["."]
  pruneopts = "NUT"
  revision = "f58768cc1a7a7e77a3bd49e98cdd21419399b6a3"
  version = "v1.2.0"

[[projects]]
  digest = "1:31c5d934770c8b0698c28eb8576cb39b14e2fcf3c5f2a6e8449116884cd92e3f"
  name = "github.com/sirupsen/logrus"
  packages = ["."]
  pruneopts = "NUT"
  revision = "f006c2ac4710855cf0f916dd6b77acf6b048dc6e"
  version = "v1.0.3"

[[projects]]
  digest = "1:05abf3b6b5898a29553ef857ec65c358270f5c610def33dc11cd7f40d89fd858"
  name = "github.com/spf13/cobra"
  packages = ["."]
  pruneopts = "NUT"
  revision = "4cdb38c072b86bf795d2c81de50784d9fdd6eb77"

[[projects]]
  digest = "1:3ab855aa584d08db6541ce99dad60c12bd6a328ecb8a7358363887f85c976347"
  name = "github.com/spf13/pflag"
  packages = ["."]
  pruneopts = "NUT"
  revision = "e57e3eeb33f795204c1ca35f56c44f83227c6e66"
  version = "v1.0.0"

[[projects]]
  digest = "1:7fce84770ea0e3a0f0f7e83f9b1dfc9137a2dddc2cbfede697c2bba9a26ade32"
  name = "golang.org/x/crypto"
  packages = [
    "curve25519",
    "ed25519",
    "ed25519/internal/edwards25519",
    "ssh",
    "ssh/agent",
    "ssh/terminal",
  ]
  pruneopts = "NUT"
  revision = "81e90905daefcd6fd217b62423c0908922eadb30"

[[projects]]
  digest = "1:7905c1c991e9affb7e6a7578efd2c7fcad2b5587ded1ef9c11c5d21fdef81ba9"
  name = "golang.org/x/net"
  packages = [
    "context",
    "context/ctxhttp",
    "html",
    "html/atom",
    "html/charset",
    "http2",
    "http2/hpack",
    "idna",
    "lex/httplex",
  ]
  pruneopts = "NUT"
  revision = "ab555f366c4508dbe0802550b1b20c46c5c18aa0"

[[projects]]
  branch = "master"
  digest = "1:eaed6885bd08c25f569dea6ced07a0730623466e27e6c41639fa4a3e1cbaaa76"
  name = "golang.org/x/oauth2"
  packages = [
    ".",
    "internal",
  ]
  pruneopts = "NUT"
  revision = "8f65e3013ebad444f13bc19536f7865efc793816"

[[projects]]
  branch = "master"
  digest = "1:39ebcc2b11457b703ae9ee2e8cca0f68df21969c6102cb3b705f76cca0ea0239"
  name = "golang.org/x/sync"
  packages = ["errgroup"]
  pruneopts = "NUT"
  revision = "1d60e4601c6fd243af51cc01ddf169918a5407ca"

[[projects]]
  digest = "1:a969921c213e6d90554219689f484043e1e897d1936e524cfbb4fd6cb8ae2736"
  name = "golang.org/x/sys"
  packages = [
    "unix",
    "windows",
  ]
  pruneopts = "NUT"
  revision = "95c6576299259db960f6c5b9b69ea52422860fce"

[[projects]]
  digest = "1:8a12cbc891b7130d3f660f8a309e5c0b083f831e6ac38cdaa1f12e63c12d6bea"
  name = "golang.org/x/text"
  packages = [
    "collate",
    "collate/build",
    "encoding",
    "encoding/charmap",
    "encoding/htmlindex",
    "encoding/internal",
    "encoding/internal/identifier",
    "encoding/japanese",
    "encoding/korean",
    "encoding/simplifiedchinese",
    "encoding/traditionalchinese",
    "encoding/unicode",
    "internal/colltab",
    "internal/gen",
    "internal/tag",
    "internal/triegen",
    "internal/ucd",
    "internal/utf8internal",
    "language",
    "runes",
    "secure/bidirule",
    "transform",
    "unicode/bidi",
    "unicode/cldr",
    "unicode/norm",
    "unicode/rangetable",
  ]
  pruneopts = "NUT"
  revision = "e19ae1496984b1c655b8044a65c0300a3c878dd3"

[[projects]]
  digest = "1:d37b0ef2944431fe9e8ef35c6fffc8990d9e2ca300588df94a6890f3649ae365"
  name = "golang.org/x/time"
  packages = ["rate"]
  pruneopts = "NUT"
  revision = "f51c12702a4d776e4c1fa9b0fabab841babae631"

[[projects]]
  digest = "1:655acbef8faad33db29b6a35655341fb4a594e87e56635f05a3e70ed0bd7bd95"
  name = "google.golang.org/appengine"
  packages = [
    "internal",
    "internal/base",
    "internal/datastore",
    "internal/log",
    "internal/remote_api",
    "internal/urlfetch",
    "urlfetch",
  ]
  pruneopts = "NUT"
  revision = "4a4468ece617fc8205e99368fa2200e9d1fad421"
  version = "v1.3.0"

[[projects]]
  digest = "1:1b91ae0dc69a41d4c2ed23ea5cffb721ea63f5037ca4b81e6d6771fbb8f45129"
  name = "gopkg.in/fsnotify.v1"
  packages = ["."]
  pruneopts = "NUT"
  revision = "c2828203cd70a50dcccfb2761f8b1f8ceef9a8e9"
  source = "https://github.com/fsnotify/fsnotify.git"
  version = "v1.4.7"

[[projects]]
  digest = "1:bd1ad9b0806a00aa9bb291a5fdf40834811a74b1f3246f8984360bbecfef7cb3"
  name = "gopkg.in/go-playground/validator.v9"
  packages = ["."]
  pruneopts = "NUT"
  revision = "fb68f39656d7ebf8aa339ad4917aa0c260ecc237"
  version = "v9.4.0"

[[projects]]
  digest = "1:ef72505cf098abdd34efeea032103377bec06abb61d8a06f002d5d296a4b1185"
  name = "gopkg.in/inf.v0"
  packages = ["."]
  pruneopts = "NUT"
  revision = "3887ee99ecf07df5b447e9b00d9c0b2adaa9f3e4"
  version = "v0.9.0"

[[projects]]
  digest = "1:f59266de09e138237bf9df9deb57b9ebbdb1e33b8399bb739c3745e7d3d2787b"
  name = "gopkg.in/ini.v1"
  packages = ["."]
  pruneopts = "NUT"
  revision = "358ee7663966325963d4e8b2e1fbd570c5195153"
  version = "v1.38.1"

[[projects]]
  branch = "v1"
  digest = "1:8fb1ccb16a6cfecbfdfeb84d8ea1cc7afa8f9ef16526bc2326f72d993e32cef1"
  name = "gopkg.in/tomb.v1"
  packages = ["."]
  pruneopts = "NUT"
  revision = "dd632973f1e7218eb1089048e0798ec9ae7dceb8"

[[projects]]
  digest = "1:13e704c08924325be00f96e47e7efe0bfddf0913cdfc237423c83f9b183ff590"
  name = "gopkg.in/yaml.v2"
  packages = ["."]
  pruneopts = "NUT"
  revision = "d670f9405373e636a5a2765eea47fac0c9bc91a4"
  version = "v2.0.0"

[[projects]]
  digest = "1:4485f6050feae6844efd79bce3f5b35e5ed4a21dd79ef6a2dbbee263531cea09"
  name = "k8s.io/api"
  packages = [
    "admissionregistration/v1alpha1",
    "admissionregistration/v1beta1",
    "apps/v1",
    "apps/v1beta1",
    "apps/v1beta2",
    "authentication/v1",
    "authentication/v1beta1",
    "authorization/v1",
    "authorization/v1beta1",
    "autoscaling/v1",
    "autoscaling/v2beta1",
    "autoscaling/v2beta2",
    "batch/v1",
    "batch/v1beta1",
    "batch/v2alpha1",
    "certificates/v1beta1",
    "coordination/v1beta1",
    "core/v1",
    "events/v1beta1",
    "extensions/v1beta1",
    "networking/v1",
    "policy/v1beta1",
    "rbac/v1",
    "rbac/v1alpha1",
    "rbac/v1beta1",
    "scheduling/v1alpha1",
    "scheduling/v1beta1",
    "settings/v1alpha1",
    "storage/v1",
    "storage/v1alpha1",
    "storage/v1beta1",
  ]
  pruneopts = "NUT"
  revision = "b503174bad5991eb66f18247f52e41c3258f6348"
  version = "kubernetes-1.12.3"

[[projects]]
  digest = "1:455c20c431df79c7395d4ac637fd62ccd606be53f940c407c98c5fe62dd9f547"
  name = "k8s.io/apimachinery"
  packages = [
    "pkg/api/equality",
    "pkg/api/errors",
    "pkg/api/meta",
    "pkg/api/resource",
    "pkg/apis/meta/v1",
    "pkg/apis/meta/v1/unstructured",
    "pkg/apis/meta/v1beta1",
    "pkg/conversion",
    "pkg/conversion/queryparams",
    "pkg/fields",
    "pkg/labels",
    "pkg/runtime",
    "pkg/runtime/schema",
    "pkg/runtime/serializer",
    "pkg/runtime/serializer/json",
    "pkg/runtime/serializer/protobuf",
    "pkg/runtime/serializer/recognizer",
    "pkg/runtime/serializer/streaming",
    "pkg/runtime/serializer/versioning",
    "pkg/selection",
    "pkg/types",
    "pkg/util/clock",
    "pkg/util/errors",
    "pkg/util/framer",
    "pkg/util/intstr",
    "pkg/util/json",
    "pkg/util/naming",
    "pkg/util/net",
    "pkg/util/runtime",
    "pkg/util/sets",
    "pkg/util/validation",
    "pkg/util/validation/field",
    "pkg/util/wait",
    "pkg/util/yaml",
    "pkg/version",
    "pkg/watch",
    "third_party/forked/golang/reflect",
  ]
  pruneopts = "NUT"
  revision = "eddba98df674a16931d2d4ba75edc3a389bf633a"
  version = "kubernetes-1.12.3"

[[projects]]
  digest = "1:3b5b7622d385891eeac9eaf3151ea57d38cff4f05c57d6ad94134f346f7f8099"
  name = "k8s.io/client-go"
  packages = [
    "discovery",
    "kubernetes",
    "kubernetes/scheme",
    "kubernetes/typed/admissionregistration/v1alpha1",
    "kubernetes/typed/admissionregistration/v1beta1",
    "kubernetes/typed/apps/v1",
    "kubernetes/typed/apps/v1beta1",
    "kubernetes/typed/apps/v1beta2",
    "kubernetes/typed/authentication/v1",
    "kubernetes/typed/authentication/v1beta1",
    "kubernetes/typed/authorization/v1",
    "kubernetes/typed/authorization/v1beta1",
    "kubernetes/typed/autoscaling/v1",
    "kubernetes/typed/autoscaling/v2beta1",
    "kubernetes/typed/autoscaling/v2beta2",
    "kubernetes/typed/batch/v1",
    "kubernetes/typed/batch/v1beta1",
    "kubernetes/typed/batch/v2alpha1",
    "kubernetes/typed/certificates/v1beta1",
    "kubernetes/typed/coordination/v1beta1",
    "kubernetes/typed/core/v1",
    "kubernetes/typed/events/v1beta1",
    "kubernetes/typed/extensions/v1beta1",
    "kubernetes/typed/networking/v1",
    "kubernetes/typed/policy/v1beta1",
    "kubernetes/typed/rbac/v1",
    "kubernetes/typed/rbac/v1alpha1",
    "kubernetes/typed/rbac/v1beta1",
    "kubernetes/typed/scheduling/v1alpha1",
    "kubernetes/typed/scheduling/v1beta1",
    "kubernetes/typed/settings/v1alpha1",
    "kubernetes/typed/storage/v1",
    "kubernetes/typed/storage/v1alpha1",
    "kubernetes/typed/storage/v1beta1",
    "pkg/apis/clientauthentication",
    "pkg/apis/clientauthentication/v1alpha1",
    "pkg/apis/clientauthentication/v1beta1",
    "pkg/version",
    "plugin/pkg/client/auth/exec",
    "rest",
    "rest/watch",
    "tools/auth",
    "tools/clientcmd",
    "tools/clientcmd/api",
    "tools/clientcmd/api/latest",
    "tools/clientcmd/api/v1",
    "tools/metrics",
    "tools/reference",
    "transport",
    "util/cert",
    "util/connrotation",
    "util/flowcontrol",
    "util/homedir",
    "util/integer",
  ]
  pruneopts = "NUT"
  revision = "1638f8970cefaa404ff3a62950f88b08292b2696"
  version = "v9.0.0"

[solve-meta]
  analyzer-name = "dep"
  analyzer-version = 1
  input-imports = [
    "github.com/Azure/azure-sdk-for-go/services/apimanagement/mgmt/2017-03-01/apimanagement",
    "github.com/Azure/azure-sdk-for-go/services/authorization/mgmt/2015-07-01/authorization",
    "github.com/Azure/azure-sdk-for-go/services/compute/mgmt/2018-04-01/compute",
    "github.com/Azure/azure-sdk-for-go/services/graphrbac/1.6/graphrbac",
    "github.com/Azure/azure-sdk-for-go/services/network/mgmt/2018-08-01/network",
    "github.com/Azure/azure-sdk-for-go/services/preview/msi/mgmt/2015-08-31-preview/msi",
    "github.com/Azure/azure-sdk-for-go/services/resources/mgmt/2016-06-01/subscriptions",
    "github.com/Azure/azure-sdk-for-go/services/resources/mgmt/2018-05-01/resources",
    "github.com/Azure/azure-sdk-for-go/services/storage/mgmt/2018-02-01/storage",
    "github.com/Azure/azure-sdk-for-go/storage",
    "github.com/Azure/go-autorest/autorest",
    "github.com/Azure/go-autorest/autorest/adal",
    "github.com/Azure/go-autorest/autorest/azure",
    "github.com/Azure/go-autorest/autorest/date",
    "github.com/Azure/go-autorest/autorest/to",
    "github.com/Jeffail/gabs",
    "github.com/alexcesaro/statsd",
    "github.com/blang/semver",
    "github.com/davecgh/go-spew/spew",
    "github.com/ghodss/yaml",
    "github.com/go-bindata/go-bindata/go-bindata",
    "github.com/imdario/mergo",
    "github.com/influxdata/influxdb/client/v2",
    "github.com/kelseyhightower/envconfig",
    "github.com/leonelquinteros/gotext",
    "github.com/mattn/go-colorable",
    "github.com/mitchellh/go-homedir",
    "github.com/onsi/ginkgo",
    "github.com/onsi/ginkgo/reporters",
    "github.com/onsi/gomega",
    "github.com/pkg/errors",
    "github.com/satori/go.uuid",
    "github.com/sirupsen/logrus",
    "github.com/spf13/cobra",
    "github.com/spf13/pflag",
    "golang.org/x/crypto/ssh",
    "golang.org/x/crypto/ssh/agent",
    "golang.org/x/sync/errgroup",
    "gopkg.in/fsnotify.v1",
    "gopkg.in/go-playground/validator.v9",
    "gopkg.in/ini.v1",
    "k8s.io/api/core/v1",
    "k8s.io/api/policy/v1beta1",
    "k8s.io/apimachinery/pkg/api/equality",
    "k8s.io/apimachinery/pkg/api/errors",
    "k8s.io/apimachinery/pkg/apis/meta/v1",
    "k8s.io/apimachinery/pkg/fields",
    "k8s.io/apimachinery/pkg/util/wait",
    "k8s.io/client-go/kubernetes",
    "k8s.io/client-go/tools/clientcmd",
    "k8s.io/client-go/tools/clientcmd/api",
  ]
  solver-name = "gps-cdcl"
  solver-version = 1
